
Microsoft Visual Studio Solution File, Format Version 12.00
# Visual Studio Version 18
VisualStudioVersion = 18.0.11205.157 d18.0
MinimumVisualStudioVersion = 10.0.40219.1
Project("{FAE04EC0-301F-11D3-BF4B-00C04F79EFBC}") = "CycleNumberManageTool", "..\CycleNumberManageTool\CycleNumberManageTool.csproj", "{AE140031-7469-3FB2-8F98-5E1374459B06}"
EndProject
Global
	GlobalSection(SolutionConfigurationPlatforms) = preSolution
		Debug|Any CPU = Debug|Any CPU
		Release|Any CPU = Release|Any CPU
	EndGlobalSection
	GlobalSection(ProjectConfigurationPlatforms) = postSolution
		{AE140031-7469-3FB2-8F98-5E1374459B06}.Debug|Any CPU.ActiveCfg = Debug|Any CPU
		{AE140031-7469-3FB2-8F98-5E1374459B06}.Debug|Any CPU.Build.0 = Debug|Any CPU
		{AE140031-7469-3FB2-8F98-5E1374459B06}.Release|Any CPU.ActiveCfg = Release|Any CPU
		{AE140031-7469-3FB2-8F98-5E1374459B06}.Release|Any CPU.Build.0 = Release|Any CPU
	EndGlobalSection
	GlobalSection(SolutionProperties) = preSolution
		HideSolutionNode = FALSE
	EndGlobalSection
	GlobalSection(ExtensibilityGlobals) = postSolution
		SolutionGuid = {D3F4B54B-1912-4C0C-B2C3-E730D92D9E65}
	EndGlobalSection
EndGlobal
